
Microsoft Visual Studio Solution File, Format Version 12.00
# Visual Studio Version 16
VisualStudioVersion = 16.0.30204.135
MinimumVisualStudioVersion = 10.0.40219.1
Project("{FAE04EC0-301F-11D3-BF4B-00C04F79EFBC}") = "TestTask1_ChuchumakovEV", "TestTask1_ChuchumakovEV\TestTask1_ChuchumakovEV.csproj", "{96BC953C-05B9-4C68-8894-93FB77737A51}"
EndProject
Global
	GlobalSection(SolutionConfigurationPlatforms) = preSolution
		Debug|Any CPU = Debug|Any CPU
		Release|Any CPU = Release|Any CPU
	EndGlobalSection
	GlobalSection(ProjectConfigurationPlatforms) = postSolution
		{96BC953C-05B9-4C68-8894-93FB77737A51}.Debug|Any CPU.ActiveCfg = Debug|Any CPU
		{96BC953C-05B9-4C68-8894-93FB77737A51}.Debug|Any CPU.Build.0 = Debug|Any CPU
		{96BC953C-05B9-4C68-8894-93FB77737A51}.Release|Any CPU.ActiveCfg = Release|Any CPU
		{96BC953C-05B9-4C68-8894-93FB77737A51}.Release|Any CPU.Build.0 = Release|Any CPU
	EndGlobalSection
	GlobalSection(SolutionProperties) = preSolution
		HideSolutionNode = FALSE
	EndGlobalSection
	GlobalSection(ExtensibilityGlobals) = postSolution
		SolutionGuid = {4BE6C784-7639-493D-B1A1-3B0B0786FDBD}
	EndGlobalSection
EndGlobal
